
Microsoft Visual Studio Solution File, Format Version 12.00
# Visual Studio 15
VisualStudioVersion = 15.0.27703.2000
MinimumVisualStudioVersion = 10.0.40219.1
Project("{9A19103F-16F7-4668-BE54-9A1E7A4F7556}") = "ModFreeSwitch.Console", "ModFreeSwitch.Console\ModFreeSwitch.Console.csproj", "{CFEC5C8E-B2C9-44EC-BB04-80B26E7212DF}"
EndProject
Project("{9A19103F-16F7-4668-BE54-9A1E7A4F7556}") = "ModFreeSwitch.Test", "ModFreeSwitch.Test\ModFreeSwitch.Test.csproj", "{46C0D0DA-B622-4947-A595-92E3A607B30A}"
EndProject
Project("{9A19103F-16F7-4668-BE54-9A1E7A4F7556}") = "ModFreeSwitch", "ModFreeSwitch\ModFreeSwitch.csproj", "{3A631D33-0C05-417E-A520-1D653D4D6DAB}"
EndProject
Global
	GlobalSection(SolutionConfigurationPlatforms) = preSolution
		Debug|Any CPU = Debug|Any CPU
		Release|Any CPU = Release|Any CPU
	EndGlobalSection
	GlobalSection(ProjectConfigurationPlatforms) = postSolution
		{CFEC5C8E-B2C9-44EC-BB04-80B26E7212DF}.Debug|Any CPU.ActiveCfg = Debug|Any CPU
		{CFEC5C8E-B2C9-44EC-BB04-80B26E7212DF}.Debug|Any CPU.Build.0 = Debug|Any CPU
		{CFEC5C8E-B2C9-44EC-BB04-80B26E7212DF}.Release|Any CPU.ActiveCfg = Release|Any CPU
		{CFEC5C8E-B2C9-44EC-BB04-80B26E7212DF}.Release|Any CPU.Build.0 = Release|Any CPU
		{46C0D0DA-B622-4947-A595-92E3A607B30A}.Debug|Any CPU.ActiveCfg = Debug|Any CPU
		{46C0D0DA-B622-4947-A595-92E3A607B30A}.Debug|Any CPU.Build.0 = Debug|Any CPU
		{46C0D0DA-B622-4947-A595-92E3A607B30A}.Release|Any CPU.ActiveCfg = Release|Any CPU
		{46C0D0DA-B622-4947-A595-92E3A607B30A}.Release|Any CPU.Build.0 = Release|Any CPU
		{3A631D33-0C05-417E-A520-1D653D4D6DAB}.Debug|Any CPU.ActiveCfg = Debug|Any CPU
		{3A631D33-0C05-417E-A520-1D653D4D6DAB}.Debug|Any CPU.Build.0 = Debug|Any CPU
		{3A631D33-0C05-417E-A520-1D653D4D6DAB}.Release|Any CPU.ActiveCfg = Release|Any CPU
		{3A631D33-0C05-417E-A520-1D653D4D6DAB}.Release|Any CPU.Build.0 = Release|Any CPU
	EndGlobalSection
	GlobalSection(SolutionProperties) = preSolution
		HideSolutionNode = FALSE
	EndGlobalSection
	GlobalSection(ExtensibilityGlobals) = postSolution
		SolutionGuid = {E48C03A6-54F1-41FE-BF6F-9719396EC925}
	EndGlobalSection
EndGlobal
